
Microsoft Visual Studio Solution File, Format Version 12.00
# Visual Studio Version 16
VisualStudioVersion = 16.0.31005.135
MinimumVisualStudioVersion = 10.0.40219.1
Project("{FAE04EC0-301F-11D3-BF4B-00C04F79EFBC}") = "SchemaSearch", "SchemaSearch\SchemaSearch.csproj", "{61790D97-7FEE-451B-882C-0077AE2B64BA}"
EndProject
Global
	GlobalSection(SolutionConfigurationPlatforms) = preSolution
		Debug|Any CPU = Debug|Any CPU
		Release|Any CPU = Release|Any CPU
	EndGlobalSection
	GlobalSection(ProjectConfigurationPlatforms) = postSolution
		{61790D97-7FEE-451B-882C-0077AE2B64BA}.Debug|Any CPU.ActiveCfg = Debug|Any CPU
		{61790D97-7FEE-451B-882C-0077AE2B64BA}.Debug|Any CPU.Build.0 = Debug|Any CPU
		{61790D97-7FEE-451B-882C-0077AE2B64BA}.Release|Any CPU.ActiveCfg = Release|Any CPU
		{61790D97-7FEE-451B-882C-0077AE2B64BA}.Release|Any CPU.Build.0 = Release|Any CPU
	EndGlobalSection
	GlobalSection(SolutionProperties) = preSolution
		HideSolutionNode = FALSE
	EndGlobalSection
	GlobalSection(ExtensibilityGlobals) = postSolution
		SolutionGuid = {FE8C60DE-68A5-4094-8037-5BF7C51065F4}
	EndGlobalSection
EndGlobal
